
Microsoft Visual Studio Solution File, Format Version 12.00
# Visual Studio 15
Project("{FAE04EC0-301F-11D3-BF4B-00C04F79EFBC}") = "Assembly-CSharp", "Assembly-CSharp.csproj", "{E7E75686-0ACA-2F5D-3A10-965EDD620B8F}"
EndProject
Project("{FAE04EC0-301F-11D3-BF4B-00C04F79EFBC}") = "Assembly-CSharp-Editor", "Assembly-CSharp-Editor.csproj", "{6FBE2242-AFD8-63A8-7E1D-2032D5640DA9}"
EndProject
Project("{FAE04EC0-301F-11D3-BF4B-00C04F79EFBC}") = "DukeScript", "Scripts\DukeScript.csproj", "{F9BFDBB3-6C19-4EB0-8E36-E2A303491F12}"
EndProject
Global
	GlobalSection(SolutionConfigurationPlatforms) = preSolution
		Debug|Any CPU = Debug|Any CPU
		Release|Any CPU = Release|Any CPU
	EndGlobalSection
	GlobalSection(ProjectConfigurationPlatforms) = postSolution
		{E7E75686-0ACA-2F5D-3A10-965EDD620B8F}.Debug|Any CPU.ActiveCfg = Debug|Any CPU
		{E7E75686-0ACA-2F5D-3A10-965EDD620B8F}.Debug|Any CPU.Build.0 = Debug|Any CPU
		{E7E75686-0ACA-2F5D-3A10-965EDD620B8F}.Release|Any CPU.ActiveCfg = Release|Any CPU
		{E7E75686-0ACA-2F5D-3A10-965EDD620B8F}.Release|Any CPU.Build.0 = Release|Any CPU
		{6FBE2242-AFD8-63A8-7E1D-2032D5640DA9}.Debug|Any CPU.ActiveCfg = Debug|Any CPU
		{6FBE2242-AFD8-63A8-7E1D-2032D5640DA9}.Debug|Any CPU.Build.0 = Debug|Any CPU
		{6FBE2242-AFD8-63A8-7E1D-2032D5640DA9}.Release|Any CPU.ActiveCfg = Release|Any CPU
		{6FBE2242-AFD8-63A8-7E1D-2032D5640DA9}.Release|Any CPU.Build.0 = Release|Any CPU
		{F9BFDBB3-6C19-4EB0-8E36-E2A303491F12}.Debug|Any CPU.ActiveCfg = Debug|Any CPU
		{F9BFDBB3-6C19-4EB0-8E36-E2A303491F12}.Debug|Any CPU.Build.0 = Debug|Any CPU
		{F9BFDBB3-6C19-4EB0-8E36-E2A303491F12}.Release|Any CPU.ActiveCfg = Release|Any CPU
		{F9BFDBB3-6C19-4EB0-8E36-E2A303491F12}.Release|Any CPU.Build.0 = Release|Any CPU
	EndGlobalSection
	GlobalSection(SolutionProperties) = preSolution
		HideSolutionNode = FALSE
	EndGlobalSection
EndGlobal
